# THIS IS AN AUTOGENERATED FILE. DO NOT EDIT THIS FILE DIRECTLY.
# yarn lockfile v1


"@babel/runtime@^7.16.3", "@babel/runtime@^7.16.5":
  version "7.16.5"
  resolved "https://registry.npmmirror.com/@babel/runtime/download/@babel/runtime-7.16.5.tgz"
  integrity sha512-TXWihFIS3Pyv5hzR7j6ihmeLkZfrXGxAr5UfSl8CHf+6q/wpiYDkUau0czckpYG8QmnCIuPpdLtuA9VmuGGyMA==
  dependencies:
    regenerator-runtime "^0.13.4"

"@noble/hashes@^0.4.5":
  version "0.4.5"
  resolved "https://registry.npmmirror.com/@noble/hashes/download/@noble/hashes-0.4.5.tgz"
  integrity sha512-oK/2b9gHb1CfiFwpPHQs010WgROn4ioilT7TFwxMVwuDaXEJP3QPhyedYbOpgM4JDBgT9n5gaispBQlkaAgT6g==

"@noble/secp256k1@^1.3.4":
  version "1.3.4"
  resolved "https://registry.npmmirror.com/@noble/secp256k1/download/@noble/secp256k1-1.3.4.tgz"
  integrity sha512-ZVRouDO5mbdCiDg4zCd3ZZABduRtpy4tCnB33Gh9upHe9tRzpiqbRSN1VTjrj/2g8u2c6MBi0YLNnNQpBYOiWg==

"@polkadot/api-augment@7.0.2":
  version "7.0.2"
  resolved "https://registry.npmmirror.com/@polkadot/api-augment/download/@polkadot/api-augment-7.0.2.tgz"
  integrity sha512-TeIp3j2BJvdJn+OVPiwzUTy7XNgltcYcEN5RnMNOVWiZdBOjB91E0gRhRIgBs5KB5DAGyvK6u/fCUPb9jqP9DQ==
  dependencies:
    "@babel/runtime" "^7.16.5"
    "@polkadot/api-base" "7.0.2"
    "@polkadot/rpc-augment" "7.0.2"
    "@polkadot/types" "7.0.2"
    "@polkadot/types-augment" "7.0.2"
    "@polkadot/types-codec" "7.0.2"
    "@polkadot/util" "^8.2.2"

"@polkadot/api-base@7.0.2":
  version "7.0.2"
  resolved "https://registry.npmmirror.com/@polkadot/api-base/download/@polkadot/api-base-7.0.2.tgz"
  integrity sha512-5Y/JiMUd715Qknw7nZL3ZvYzwkzAntXKhFQqW8wmtxIjoJRrRlQJZbdUsc5SE3rPpl1w+7hy826Oa5KGwyLVuw==
  dependencies:
    "@babel/runtime" "^7.16.5"
    "@polkadot/rpc-core" "7.0.2"
    "@polkadot/types" "7.0.2"
    "@polkadot/util" "^8.2.2"
    rxjs "^7.4.0"

"@polkadot/api-derive@7.0.2":
  version "7.0.2"
  resolved "https://registry.npmmirror.com/@polkadot/api-derive/download/@polkadot/api-derive-7.0.2.tgz"
  integrity sha512-HmZOyn8Gu/EtE6pY7xgWnDRJx+cuPRWtm7R2oRrRuGpXUtFCyLFJiQ19VXJL0Sql3R1E+4W93DulKgiMc5UXKg==
  dependencies:
    "@babel/runtime" "^7.16.5"
    "@polkadot/api" "7.0.2"
    "@polkadot/api-base" "7.0.2"
    "@polkadot/rpc-core" "7.0.2"
    "@polkadot/types" "7.0.2"
    "@polkadot/types-codec" "7.0.2"
    "@polkadot/util" "^8.2.2"
    "@polkadot/util-crypto" "^8.2.2"
    rxjs "^7.4.0"

"@polkadot/api@7.0.2", "@polkadot/api@^7.0.2":
  version "7.0.2"
  resolved "https://registry.npmmirror.com/@polkadot/api/download/@polkadot/api-7.0.2.tgz"
  integrity sha512-l42vCt8K9+y8wWra6pwq+4UckvD05RhwEwDbOZm1E4NoCNHIumjiKOXVH6NxwItWfN612qUmPFJwo2yagEZXcw==
  dependencies:
    "@babel/runtime" "^7.16.5"
    "@polkadot/api-augment" "7.0.2"
    "@polkadot/api-base" "7.0.2"
    "@polkadot/api-derive" "7.0.2"
    "@polkadot/keyring" "^8.2.2"
    "@polkadot/rpc-augment" "7.0.2"
    "@polkadot/rpc-core" "7.0.2"
    "@polkadot/rpc-provider" "7.0.2"
    "@polkadot/types" "7.0.2"
    "@polkadot/types-augment" "7.0.2"
    "@polkadot/types-codec" "7.0.2"
    "@polkadot/types-create" "7.0.2"
    "@polkadot/types-known" "7.0.2"
    "@polkadot/util" "^8.2.2"
    "@polkadot/util-crypto" "^8.2.2"
    eventemitter3 "^4.0.7"
    rxjs "^7.4.0"

"@polkadot/keyring@^8.2.2":
  version "8.2.2"
  resolved "https://registry.yarnpkg.com/@polkadot/keyring/-/keyring-8.2.2.tgz#7c5abaca88e8fa1a16c90be8fe74c1813c28997c"
  integrity sha512-GK8puQVtQJ67sVyq0WIWHPeRXfIcqz2ztgRHnGP4JEptS9NSFByQNq1EEpQnEUZwXu9CQfHz90eiLZc1BpC8lQ==
  dependencies:
    "@babel/runtime" "^7.16.5"
    "@polkadot/util" "8.2.2"
    "@polkadot/util-crypto" "8.2.2"

"@polkadot/networks@8.2.2", "@polkadot/networks@^8.2.2":
  version "8.2.2"
  resolved "https://registry.npmmirror.com/@polkadot/networks/download/@polkadot/networks-8.2.2.tgz"
  integrity sha512-PshHrf5wBXib63l03YISnHMf5/fS1/Jv2rEN58EgYy9VK87HBXjT7qQ1Ea/d1cFI2EmfEDvhFsP+u3i6AlejQQ==
  dependencies:
    "@babel/runtime" "^7.16.5"

"@polkadot/rpc-augment@7.0.2":
  version "7.0.2"
  resolved "https://registry.npmmirror.com/@polkadot/rpc-augment/download/@polkadot/rpc-augment-7.0.2.tgz"
  integrity sha512-YRHTdZ25iClJtpQ+QKyMbzhNPEsogdZGKDV8BbfA3cW9Z7kU79nFrX8LJmzR+a+E0G/2NQmdc2XOdSmRp87Vlw==
  dependencies:
    "@babel/runtime" "^7.16.5"
    "@polkadot/rpc-core" "7.0.2"
    "@polkadot/types" "7.0.2"
    "@polkadot/types-codec" "7.0.2"
    "@polkadot/util" "^8.2.2"

"@polkadot/rpc-core@7.0.2":
  version "7.0.2"
  resolved "https://registry.npmmirror.com/@polkadot/rpc-core/download/@polkadot/rpc-core-7.0.2.tgz"
  integrity sha512-1iJKbCJYsmX2fn8+WPh+2AW8ouh7yjEXCb8bp6HMjZ50YZOimkLaoSrHbB8XTMz9K/hsYRba5w+AfIQ7bmIfnA==
  dependencies:
    "@babel/runtime" "^7.16.5"
    "@polkadot/rpc-augment" "7.0.2"
    "@polkadot/rpc-provider" "7.0.2"
    "@polkadot/types" "7.0.2"
    "@polkadot/util" "^8.2.2"
    rxjs "^7.4.0"

"@polkadot/rpc-provider@7.0.2":
  version "7.0.2"
  resolved "https://registry.npmmirror.com/@polkadot/rpc-provider/download/@polkadot/rpc-provider-7.0.2.tgz"
  integrity sha512-/RPX0D9baDRDkYxygdmsTmimBmInithGPM5CfAQ7o3pfOS2AfgxxBAw6rpcR/JRbKrn8V/Zl8/oD8Ehdob6DBA==
  dependencies:
    "@babel/runtime" "^7.16.5"
    "@polkadot/keyring" "^8.2.2"
    "@polkadot/types" "7.0.2"
    "@polkadot/types-support" "7.0.2"
    "@polkadot/util" "^8.2.2"
    "@polkadot/util-crypto" "^8.2.2"
    "@polkadot/x-fetch" "^8.2.2"
    "@polkadot/x-global" "^8.2.2"
    "@polkadot/x-ws" "^8.2.2"
    eventemitter3 "^4.0.7"
    mock-socket "^9.0.8"
    nock "^13.2.1"

"@polkadot/types-augment@7.0.2":
  version "7.0.2"
  resolved "https://registry.npmmirror.com/@polkadot/types-augment/download/@polkadot/types-augment-7.0.2.tgz"
  integrity sha512-z+UnrHh3jA730ICOnsZKiToB+zPncDnjgIRo8qrrfF1zUUgTCWZ0tpYZlEfLVc6jpUaVJ80ZEgFerJyxAirpGg==
  dependencies:
    "@babel/runtime" "^7.16.5"
    "@polkadot/types" "7.0.2"
    "@polkadot/types-codec" "7.0.2"
    "@polkadot/util" "^8.2.2"

"@polkadot/types-codec@7.0.2":
  version "7.0.2"
  resolved "https://registry.npmmirror.com/@polkadot/types-codec/download/@polkadot/types-codec-7.0.2.tgz"
  integrity sha512-6yoGj/4x7dZnWXLBlFVQa8npqJd1ILxb+LIfW/zhFc4BD9Bi7u4KFLg34otmOtYmM4slktsHxHSTKiI9EGXpQg==
  dependencies:
    "@babel/runtime" "^7.16.5"
    "@polkadot/util" "^8.2.2"

"@polkadot/types-create@7.0.2":
  version "7.0.2"
  resolved "https://registry.npmmirror.com/@polkadot/types-create/download/@polkadot/types-create-7.0.2.tgz"
  integrity sha512-0ba0LhfuEnN6YJGazGqI1w4UoeO6BiDGdxuXiqVBL+3wS3e4cYGTYeDhcXNoClpkNs/swiqpfefh6O2cut1uYQ==
  dependencies:
    "@babel/runtime" "^7.16.5"
    "@polkadot/types-codec" "7.0.2"
    "@polkadot/util" "^8.2.2"

"@polkadot/types-known@7.0.2":
  version "7.0.2"
  resolved "https://registry.npmmirror.com/@polkadot/types-known/download/@polkadot/types-known-7.0.2.tgz"
  integrity sha512-hte0WqNyipiBCpaXbkAyXJN9616hQRE3rvn3BxK1wNiMrUtI4H4BRp5odIEElfeHivsJmNWDf8vr9WjRWD5poQ==
  dependencies:
    "@babel/runtime" "^7.16.5"
    "@polkadot/networks" "^8.2.2"
    "@polkadot/types" "7.0.2"
    "@polkadot/types-codec" "7.0.2"
    "@polkadot/types-create" "7.0.2"
    "@polkadot/util" "^8.2.2"

"@polkadot/types-support@7.0.2":
  version "7.0.2"
  resolved "https://registry.npmmirror.com/@polkadot/types-support/download/@polkadot/types-support-7.0.2.tgz"
  integrity sha512-48bkV7yYG+oVS/vqcZFiWpbE8HCCNTnrGg8Dp1IjBZBEVOSNE9hportEgXyO7aYmZjfghM8Sn+PjFbwlX7+VdA==
  dependencies:
    "@babel/runtime" "^7.16.5"
    "@polkadot/util" "^8.2.2"

"@polkadot/types@7.0.2":
  version "7.0.2"
  resolved "https://registry.npmmirror.com/@polkadot/types/download/@polkadot/types-7.0.2.tgz"
  integrity sha512-rvilFS/nBy45WuZb9SisuqPZh1Bkp+s2XLlGGwCV7g0QphKywQUksY0NmnoJvK3BKdzgVphwJ0kzYPHCOkzUfA==
  dependencies:
    "@babel/runtime" "^7.16.5"
    "@polkadot/keyring" "^8.2.2"
    "@polkadot/types-augment" "7.0.2"
    "@polkadot/types-codec" "7.0.2"
    "@polkadot/types-create" "7.0.2"
    "@polkadot/util" "^8.2.2"
    "@polkadot/util-crypto" "^8.2.2"
    rxjs "^7.4.0"

"@polkadot/util-crypto@8.2.2", "@polkadot/util-crypto@^8.2.2":
  version "8.2.2"
  resolved "https://registry.npmmirror.com/@polkadot/util-crypto/download/@polkadot/util-crypto-8.2.2.tgz"
  integrity sha512-bKFE6j1q2Dnz1o1QFvhX2QzkMLi9QHU4a5T7+El5J7OsOxGqssMAVHAmB+YoAuSLqPSQBmZa9CN23IiuJnfsbw==
  dependencies:
    "@babel/runtime" "^7.16.5"
    "@noble/hashes" "^0.4.5"
    "@noble/secp256k1" "^1.3.4"
    "@polkadot/networks" "8.2.2"
    "@polkadot/util" "8.2.2"
    "@polkadot/wasm-crypto" "^4.5.1"
    "@polkadot/x-bigint" "8.2.2"
    "@polkadot/x-randomvalues" "8.2.2"
    ed2curve "^0.3.0"
    micro-base "^0.10.0"
    tweetnacl "^1.0.3"

"@polkadot/util@8.2.2", "@polkadot/util@^8.2.2":
  version "8.2.2"
  resolved "https://registry.npmmirror.com/@polkadot/util/download/@polkadot/util-8.2.2.tgz"
  integrity sha512-tiHe0rcQvofd3vUVCRmvfULAv9yBG7s/huv1ZLVY/JGT1JBDonc1HWU3Vdb5MvWpx2R+HHv19ORHyD/LiROE9A==
  dependencies:
    "@babel/runtime" "^7.16.5"
    "@polkadot/x-bigint" "8.2.2"
    "@polkadot/x-global" "8.2.2"
    "@polkadot/x-textdecoder" "8.2.2"
    "@polkadot/x-textencoder" "8.2.2"
    "@types/bn.js" "^4.11.6"
    bn.js "^4.12.0"
    ip-regex "^4.3.0"

"@polkadot/wasm-crypto-asmjs@^4.5.1":
  version "4.5.1"
  resolved "https://registry.npmmirror.com/@polkadot/wasm-crypto-asmjs/download/@polkadot/wasm-crypto-asmjs-4.5.1.tgz"
  integrity sha512-DOdRiWhxVvmqTvp+E9z1j+Yr0zDOGsDvqnT/eNw0Dl1FVUOImsEa7FKns/urASmcxCVEE1jtUWSnij29jrORMQ==
  dependencies:
    "@babel/runtime" "^7.16.3"

"@polkadot/wasm-crypto-wasm@^4.5.1":
  version "4.5.1"
  resolved "https://registry.npmmirror.com/@polkadot/wasm-crypto-wasm/download/@polkadot/wasm-crypto-wasm-4.5.1.tgz"
  integrity sha512-hPwke85HxpgG/RAlwdCE8u5w7bThvWg399mlB+XjogXMxOUWBZSgq2XYbgzROUXx27inK9nStF4Pnc4zJnqs9A==
  dependencies:
    "@babel/runtime" "^7.16.3"

"@polkadot/wasm-crypto@^4.5.1":
  version "4.5.1"
  resolved "https://registry.npmmirror.com/@polkadot/wasm-crypto/download/@polkadot/wasm-crypto-4.5.1.tgz"
  integrity sha512-Cr21ais3Kq3aedIHZ3J1tjgeD/+K8FCiwEawr0oRywNBSJR8wyuZMePs4swR/6xm8wbBkpqoBVHz/UQHqqQJmA==
  dependencies:
    "@babel/runtime" "^7.16.3"
    "@polkadot/wasm-crypto-asmjs" "^4.5.1"
    "@polkadot/wasm-crypto-wasm" "^4.5.1"

"@polkadot/x-bigint@8.2.2":
  version "8.2.2"
  resolved "https://registry.npmmirror.com/@polkadot/x-bigint/download/@polkadot/x-bigint-8.2.2.tgz"
  integrity sha512-fX3o3FhfQNxdpA5PV4L9PrjjSKG2ZmfFOfv3TrKwsDNtZMktDDcpmW3up53LJ53FszB/WHH6WwKsehmcqAYDIw==
  dependencies:
    "@babel/runtime" "^7.16.5"
    "@polkadot/x-global" "8.2.2"

"@polkadot/x-fetch@^8.2.2":
  version "8.2.2"
  resolved "https://registry.npmmirror.com/@polkadot/x-fetch/download/@polkadot/x-fetch-8.2.2.tgz"
  integrity sha512-ou8d1Ccf7lt7mssr64ixXYIWOZ4I4ED5sYBeFZg7BJB+MsZnuDOVvuMlItQWh01phMCOxtHWowmh+gOI4w5IWA==
  dependencies:
    "@babel/runtime" "^7.16.5"
    "@polkadot/x-global" "8.2.2"
    "@types/node-fetch" "^2.5.12"
    node-fetch "^2.6.6"

"@polkadot/x-global@8.2.2", "@polkadot/x-global@^8.2.2":
  version "8.2.2"
  resolved "https://registry.npmmirror.com/@polkadot/x-global/download/@polkadot/x-global-8.2.2.tgz"
  integrity sha512-eTJ6edgoIKzjfdYN3Y6ZuJUGRAAc8Uc5X8r4/1QmhOy427QbfRKRL/cbcLat1XbyM52aplOvZf31KXTAkMREdQ==
  dependencies:
    "@babel/runtime" "^7.16.5"

"@polkadot/x-randomvalues@8.2.2":
  version "8.2.2"
  resolved "https://registry.npmmirror.com/@polkadot/x-randomvalues/download/@polkadot/x-randomvalues-8.2.2.tgz"
  integrity sha512-v3dx0xvWHd5t6e41Fte63WFX/t1Fu9ug3tOr/QE6yMFrDSeDW9TzFJKklakc0tXryqW0cL4qZzUdSvguGC2TPA==
  dependencies:
    "@babel/runtime" "^7.16.5"
    "@polkadot/x-global" "8.2.2"

"@polkadot/x-textdecoder@8.2.2":
  version "8.2.2"
  resolved "https://registry.npmmirror.com/@polkadot/x-textdecoder/download/@polkadot/x-textdecoder-8.2.2.tgz"
  integrity sha512-HQ/pSl4FREnxK0V7nvEdTwI08Erh6KPLwHZ0rSfUJKVDZ+NwfeW4BW/8xCEJOQIRB948Dqerl0XjEn4xCA+OPg==
  dependencies:
    "@babel/runtime" "^7.16.5"
    "@polkadot/x-global" "8.2.2"

"@polkadot/x-textencoder@8.2.2":
  version "8.2.2"
  resolved "https://registry.npmmirror.com/@polkadot/x-textencoder/download/@polkadot/x-textencoder-8.2.2.tgz"
  integrity sha512-ZAOwYi/y1wRYb3WoWZMDfYPrmbPSasog2uknt8p9u2WELrrfj4zF/fRnSuMjLUNtvJuKSzj4LUCKHwTY+peSrQ==
  dependencies:
    "@babel/runtime" "^7.16.5"
    "@polkadot/x-global" "8.2.2"

"@polkadot/x-ws@^8.2.2":
  version "8.2.2"
  resolved "https://registry.npmmirror.com/@polkadot/x-ws/download/@polkadot/x-ws-8.2.2.tgz"
  integrity sha512-qsHzmtoFXIN59qKSkycxQ3GGyzUMlvhl+d7yU1NMaoOudJGfniTbIcDFPtee27Ydamb1DwBvkRbKw5IO8Domdg==
  dependencies:
    "@babel/runtime" "^7.16.5"
    "@polkadot/x-global" "8.2.2"
    "@types/websocket" "^1.0.4"
    websocket "^1.0.34"

"@types/bn.js@^4.11.6":
  version "4.11.6"
  resolved "https://registry.npmmirror.com/@types/bn.js/download/@types/bn.js-4.11.6.tgz"
  integrity sha1-wwbHDZNYquozzU7aCSp0K5UFlnw=
  dependencies:
    "@types/node" "*"

"@types/node-fetch@^2.5.12":
  version "2.5.12"
  resolved "https://registry.nlark.com/@types/node-fetch/download/@types/node-fetch-2.5.12.tgz?cache=0&sync_timestamp=1630688520171&other_urls=https%3A%2F%2Fregistry.nlark.com%2F%40types%2Fnode-fetch%2Fdownload%2F%40types%2Fnode-fetch-2.5.12.tgz"
  integrity sha1-im93mx1OYLelf7b9SNhPtUW5zGY=
  dependencies:
    "@types/node" "*"
    form-data "^3.0.0"

"@types/node@*":
  version "17.0.4"
  resolved "https://registry.npmmirror.com/@types/node/download/@types/node-17.0.4.tgz"
  integrity sha512-6xwbrW4JJiJLgF+zNypN5wr2ykM9/jHcL7rQ8fZe2vuftggjzZeRSM4OwRc6Xk8qWjwJ99qVHo/JgOGmomWRog==

"@types/websocket@^1.0.4":
  version "1.0.4"
  resolved "https://registry.npmmirror.com/@types/websocket/download/@types/websocket-1.0.4.tgz"
  integrity sha1-HcSXKA2ASaVFCFTdaY7n5uqeYLg=
  dependencies:
    "@types/node" "*"

accepts@~1.3.7:
  version "1.3.7"
  resolved "https://registry.npmmirror.com/accepts/download/accepts-1.3.7.tgz"
  integrity sha1-UxvHJlF6OytB+FACHGzBXqq1B80=
  dependencies:
    mime-types "~2.1.24"
    negotiator "0.6.2"

array-flatten@1.1.1:
  version "1.1.1"
  resolved "https://registry.nlark.com/array-flatten/download/array-flatten-1.1.1.tgz"
  integrity sha1-ml9pkFGx5wczKPKgCJaLZOopVdI=

asynckit@^0.4.0:
  version "0.4.0"
  resolved "https://registry.nlark.com/asynckit/download/asynckit-0.4.0.tgz"
  integrity sha1-x57Zf380y48robyXkLzDZkdLS3k=

bn.js@^4.12.0:
  version "4.12.0"
  resolved "https://registry.nlark.com/bn.js/download/bn.js-4.12.0.tgz"
  integrity sha1-d1s/J477uXGO7HNh9IP7Nvu/6og=

body-parser@1.19.1:
  version "1.19.1"
  resolved "https://registry.npmmirror.com/body-parser/download/body-parser-1.19.1.tgz"
  integrity sha512-8ljfQi5eBk8EJfECMrgqNGWPEY5jWP+1IzkzkGdFFEwFQZZyaZ21UqdaHktgiMlH0xLHqIFtE/u2OYE5dOtViA==
  dependencies:
    bytes "3.1.1"
    content-type "~1.0.4"
    debug "2.6.9"
    depd "~1.1.2"
    http-errors "1.8.1"
    iconv-lite "0.4.24"
    on-finished "~2.3.0"
    qs "6.9.6"
    raw-body "2.4.2"
    type-is "~1.6.18"

bufferutil@^4.0.1:
  version "4.0.5"
  resolved "https://registry.npmmirror.com/bufferutil/download/bufferutil-4.0.5.tgz"
  integrity sha1-2p6oFmkRzCdr9ne4rtLQLTH1kCg=
  dependencies:
    node-gyp-build "^4.3.0"

bytes@3.1.1:
  version "3.1.1"
  resolved "https://registry.npmmirror.com/bytes/download/bytes-3.1.1.tgz?cache=0&sync_timestamp=1637015110760&other_urls=https%3A%2F%2Fregistry.npmmirror.com%2Fbytes%2Fdownload%2Fbytes-3.1.1.tgz"
  integrity sha512-dWe4nWO/ruEOY7HkUJ5gFt1DCFV9zPRoJr8pV0/ASQermOZjtq8jMjOprC0Kd10GLN+l7xaUPvxzJFWtxGu8Fg==

combined-stream@^1.0.8:
  version "1.0.8"
  resolved "https://registry.nlark.com/combined-stream/download/combined-stream-1.0.8.tgz"
  integrity sha1-w9RaizT9cwYxoRCoolIGgrMdWn8=
  dependencies:
    delayed-stream "~1.0.0"

content-disposition@0.5.4:
  version "0.5.4"
  resolved "https://registry.npmmirror.com/content-disposition/download/content-disposition-0.5.4.tgz"
  integrity sha512-FveZTNuGw04cxlAiWbzi6zTAL/lhehaWbTtgluJh4/E95DqMwTmha3KZN1aAWA8cFIhHzMZUvLevkw5Rqk+tSQ==
  dependencies:
    safe-buffer "5.2.1"

content-type@~1.0.4:
  version "1.0.4"
  resolved "https://registry.nlark.com/content-type/download/content-type-1.0.4.tgz"
  integrity sha1-4TjMdeBAxyexlm/l5fjJruJW/js=

cookie-signature@1.0.6:
  version "1.0.6"
  resolved "https://registry.nlark.com/cookie-signature/download/cookie-signature-1.0.6.tgz"
  integrity sha1-4wOogrNCzD7oylE6eZmXNNqzriw=

cookie@0.4.1:
  version "0.4.1"
  resolved "https://registry.nlark.com/cookie/download/cookie-0.4.1.tgz"
  integrity sha1-r9cT/ibr0hupXOth+agRblClN9E=

d@1, d@^1.0.1:
  version "1.0.1"
  resolved "https://registry.npm.taobao.org/d/download/d-1.0.1.tgz"
  integrity sha1-hpgJU3LVjb7jRv/Qxwk/mfj561o=
  dependencies:
    es5-ext "^0.10.50"
    type "^1.0.1"

debug@2.6.9, debug@^2.2.0:
  version "2.6.9"
  resolved "https://registry.npmmirror.com/debug/download/debug-2.6.9.tgz"
  integrity sha512-bC7ElrdJaJnPbAP+1EotYvqZsb3ecl5wi6Bfi6BJTUcNowp6cvspg0jXznRTKDjm/E7AdgFBVeAPVMNcKGsHMA==
  dependencies:
    ms "2.0.0"

debug@^4.1.0:
  version "4.3.3"
  resolved "https://registry.npmmirror.com/debug/download/debug-4.3.3.tgz"
  integrity sha512-/zxw5+vh1Tfv+4Qn7a5nsbcJKPaSvCDhojn6FEl9vupwK2VCSDtEiEtqr8DFtzYFOdz63LBkxec7DYuc2jon6Q==
  dependencies:
    ms "2.1.2"

delayed-stream@~1.0.0:
  version "1.0.0"
  resolved "https://registry.nlark.com/delayed-stream/download/delayed-stream-1.0.0.tgz"
  integrity sha1-3zrhmayt+31ECqrgsp4icrJOxhk=

depd@~1.1.2:
  version "1.1.2"
  resolved "https://registry.nlark.com/depd/download/depd-1.1.2.tgz"
  integrity sha1-m81S4UwJd2PnSbJ0xDRu0uVgtak=

destroy@~1.0.4:
  version "1.0.4"
  resolved "https://registry.nlark.com/destroy/download/destroy-1.0.4.tgz"
  integrity sha1-l4hXRCxEdJ5CBmE+N5RiBYJqvYA=

dotenv@^10.0.0:
  version "10.0.0"
  resolved "https://registry.nlark.com/dotenv/download/dotenv-10.0.0.tgz"
  integrity sha1-PUInuPuV+BCWzdK2ZlP7LHCFuoE=

ed2curve@^0.3.0:
  version "0.3.0"
  resolved "https://registry.npm.taobao.org/ed2curve/download/ed2curve-0.3.0.tgz"
  integrity sha1-MitXUVKkUwVCnVRrBxgjqTEpoF0=
  dependencies:
    tweetnacl "1.x.x"

ee-first@1.1.1:
  version "1.1.1"
  resolved "https://registry.nlark.com/ee-first/download/ee-first-1.1.1.tgz"
  integrity sha1-WQxhFWsK4vTwJVcyoViyZrxWsh0=

encodeurl@~1.0.2:
  version "1.0.2"
  resolved "https://registry.nlark.com/encodeurl/download/encodeurl-1.0.2.tgz"
  integrity sha1-rT/0yG7C0CkyL1oCw6mmBslbP1k=

es5-ext@^0.10.35, es5-ext@^0.10.50:
  version "0.10.53"
  resolved "https://registry.npm.taobao.org/es5-ext/download/es5-ext-0.10.53.tgz"
  integrity sha1-k8WjrP2+8nUiCtcmRK0C7hg2jeE=
  dependencies:
    es6-iterator "~2.0.3"
    es6-symbol "~3.1.3"
    next-tick "~1.0.0"

es6-iterator@~2.0.3:
  version "2.0.3"
  resolved "https://registry.nlark.com/es6-iterator/download/es6-iterator-2.0.3.tgz"
  integrity sha1-p96IkUGgWpSwhUQDstCg+/qY87c=
  dependencies:
    d "1"
    es5-ext "^0.10.35"
    es6-symbol "^3.1.1"

es6-symbol@^3.1.1, es6-symbol@~3.1.3:
  version "3.1.3"
  resolved "https://registry.nlark.com/es6-symbol/download/es6-symbol-3.1.3.tgz"
  integrity sha1-utXTwbzawoJp9MszHkMceKxwXRg=
  dependencies:
    d "^1.0.1"
    ext "^1.1.2"

escape-html@~1.0.3:
  version "1.0.3"
  resolved "https://registry.nlark.com/escape-html/download/escape-html-1.0.3.tgz"
  integrity sha1-Aljq5NPQwJdN4cFpGI7wBR0dGYg=

etag@~1.8.1:
  version "1.8.1"
  resolved "https://registry.nlark.com/etag/download/etag-1.8.1.tgz"
  integrity sha1-Qa4u62XvpiJorr/qg6x9eSmbCIc=

eventemitter3@^4.0.7:
  version "4.0.7"
  resolved "https://registry.nlark.com/eventemitter3/download/eventemitter3-4.0.7.tgz"
  integrity sha1-Lem2j2Uo1WRO9cWVJqG0oHMGFp8=

express@^4.17.2:
  version "4.17.2"
  resolved "https://registry.npmmirror.com/express/download/express-4.17.2.tgz"
  integrity sha512-oxlxJxcQlYwqPWKVJJtvQiwHgosH/LrLSPA+H4UxpyvSS6jC5aH+5MoHFM+KABgTOt0APue4w66Ha8jCUo9QGg==
  dependencies:
    accepts "~1.3.7"
    array-flatten "1.1.1"
    body-parser "1.19.1"
    content-disposition "0.5.4"
    content-type "~1.0.4"
    cookie "0.4.1"
    cookie-signature "1.0.6"
    debug "2.6.9"
    depd "~1.1.2"
    encodeurl "~1.0.2"
    escape-html "~1.0.3"
    etag "~1.8.1"
    finalhandler "~1.1.2"
    fresh "0.5.2"
    merge-descriptors "1.0.1"
    methods "~1.1.2"
    on-finished "~2.3.0"
    parseurl "~1.3.3"
    path-to-regexp "0.1.7"
    proxy-addr "~2.0.7"
    qs "6.9.6"
    range-parser "~1.2.1"
    safe-buffer "5.2.1"
    send "0.17.2"
    serve-static "1.14.2"
    setprototypeof "1.2.0"
    statuses "~1.5.0"
    type-is "~1.6.18"
    utils-merge "1.0.1"
    vary "~1.1.2"

ext@^1.1.2:
  version "1.6.0"
  resolved "https://registry.npmmirror.com/ext/download/ext-1.6.0.tgz"
  integrity sha1-OHHVBkHodMwXLitT+RmELRnbTFI=
  dependencies:
    type "^2.5.0"

finalhandler@~1.1.2:
  version "1.1.2"
  resolved "https://registry.nlark.com/finalhandler/download/finalhandler-1.1.2.tgz"
  integrity sha1-t+fQAP/RGTjQ/bBTUG9uur6fWH0=
  dependencies:
    debug "2.6.9"
    encodeurl "~1.0.2"
    escape-html "~1.0.3"
    on-finished "~2.3.0"
    parseurl "~1.3.3"
    statuses "~1.5.0"
    unpipe "~1.0.0"

form-data@^3.0.0:
  version "3.0.1"
  resolved "https://registry.nlark.com/form-data/download/form-data-3.0.1.tgz"
  integrity sha1-69U3kbeDVqma+aMA1CgsTV65dV8=
  dependencies:
    asynckit "^0.4.0"
    combined-stream "^1.0.8"
    mime-types "^2.1.12"

forwarded@0.2.0:
  version "0.2.0"
  resolved "https://registry.nlark.com/forwarded/download/forwarded-0.2.0.tgz"
  integrity sha1-ImmTZCiq1MFcfr6XeahL8LKoGBE=

fresh@0.5.2:
  version "0.5.2"
  resolved "https://registry.nlark.com/fresh/download/fresh-0.5.2.tgz"
  integrity sha1-PYyt2Q2XZWn6g1qx+OSyOhBWBac=

http-errors@1.8.1:
  version "1.8.1"
  resolved "https://registry.npmmirror.com/http-errors/download/http-errors-1.8.1.tgz"
  integrity sha512-Kpk9Sm7NmI+RHhnj6OIWDI1d6fIoFAtFt9RLaTMRlg/8w49juAStsrBgp0Dp4OdxdVbRIeKhtCUvoi/RuAhO4g==
  dependencies:
    depd "~1.1.2"
    inherits "2.0.4"
    setprototypeof "1.2.0"
    statuses ">= 1.5.0 < 2"
    toidentifier "1.0.1"

iconv-lite@0.4.24:
  version "0.4.24"
  resolved "https://registry.nlark.com/iconv-lite/download/iconv-lite-0.4.24.tgz?cache=0&sync_timestamp=1622686400731&other_urls=https%3A%2F%2Fregistry.nlark.com%2Ficonv-lite%2Fdownload%2Ficonv-lite-0.4.24.tgz"
  integrity sha1-ICK0sl+93CHS9SSXSkdKr+czkIs=
  dependencies:
    safer-buffer ">= 2.1.2 < 3"

inherits@2.0.4:
  version "2.0.4"
  resolved "https://registry.npm.taobao.org/inherits/download/inherits-2.0.4.tgz"
  integrity sha1-D6LGT5MpF8NDOg3tVTY6rjdBa3w=

ip-regex@^4.3.0:
  version "4.3.0"
  resolved "https://registry.nlark.com/ip-regex/download/ip-regex-4.3.0.tgz"
  integrity sha1-aHJ1qw9X+naXj/j03dyKI9WZDbU=

ipaddr.js@1.9.1:
  version "1.9.1"
  resolved "https://registry.nlark.com/ipaddr.js/download/ipaddr.js-1.9.1.tgz"
  integrity sha1-v/OFQ+64mEglB5/zoqjmy9RngbM=

is-typedarray@^1.0.0:
  version "1.0.0"
  resolved "https://registry.nlark.com/is-typedarray/download/is-typedarray-1.0.0.tgz"
  integrity sha1-5HnICFjfDBsR3dppQPlgEfzaSpo=

json-stringify-safe@^5.0.1:
  version "5.0.1"
  resolved "https://registry.nlark.com/json-stringify-safe/download/json-stringify-safe-5.0.1.tgz"
  integrity sha1-Epai1Y/UXxmg9s4B1lcB4sc1tus=

lodash.set@^4.3.2:
  version "4.3.2"
  resolved "https://registry.nlark.com/lodash.set/download/lodash.set-4.3.2.tgz"
  integrity sha1-2HV7HagH3eJIFrDWqEvqGnYjCyM=

media-typer@0.3.0:
  version "0.3.0"
  resolved "https://registry.nlark.com/media-typer/download/media-typer-0.3.0.tgz"
  integrity sha1-hxDXrwqmJvj/+hzgAWhUUmMlV0g=

merge-descriptors@1.0.1:
  version "1.0.1"
  resolved "https://registry.nlark.com/merge-descriptors/download/merge-descriptors-1.0.1.tgz"
  integrity sha1-sAqqVW3YtEVoFQ7J0blT8/kMu2E=

methods@~1.1.2:
  version "1.1.2"
  resolved "https://registry.nlark.com/methods/download/methods-1.1.2.tgz"
  integrity sha1-VSmk1nZUE07cxSZmVoNbD4Ua/O4=

micro-base@^0.10.0:
  version "0.10.2"
  resolved "https://registry.npmmirror.com/micro-base/download/micro-base-0.10.2.tgz"
  integrity sha512-lqqJrT7lfJtDmmiQ4zRLZuIJBk96t0RAc5pCrrWpL9zDeH5i/SUL85mku9HqzTI/OCZ8EQ3aicbMW+eK5Nyu5w==

mime-db@1.51.0:
  version "1.51.0"
  resolved "https://registry.npmmirror.com/mime-db/download/mime-db-1.51.0.tgz?cache=0&sync_timestamp=1636425960296&other_urls=https%3A%2F%2Fregistry.npmmirror.com%2Fmime-db%2Fdownload%2Fmime-db-1.51.0.tgz"
  integrity sha512-5y8A56jg7XVQx2mbv1lu49NR4dokRnhZYTtL+KGfaa27uq4pSTXkwQkFJl4pkRMyNFz/EtYDSkiiEHx3F7UN6g==

mime-types@^2.1.12, mime-types@~2.1.24:
  version "2.1.34"
  resolved "https://registry.npmmirror.com/mime-types/download/mime-types-2.1.34.tgz?cache=0&sync_timestamp=1636432302620&other_urls=https%3A%2F%2Fregistry.npmmirror.com%2Fmime-types%2Fdownload%2Fmime-types-2.1.34.tgz"
  integrity sha512-6cP692WwGIs9XXdOO4++N+7qjqv0rqxxVvJ3VHPh/Sc9mVZcQP+ZGhkKiTvWMQRr2tbHkJP/Yn7Y0npb3ZBs4A==
  dependencies:
    mime-db "1.51.0"

mime@1.6.0:
  version "1.6.0"
  resolved "https://registry.npmmirror.com/mime/download/mime-1.6.0.tgz"
  integrity sha1-Ms2eXGRVO9WNGaVor0Uqz/BJgbE=

mock-socket@^9.0.8:
  version "9.0.8"
  resolved "https://registry.npmmirror.com/mock-socket/download/mock-socket-9.0.8.tgz"
  integrity sha512-8Syqkaaa2SzRqW68DEsnZkKQicHP7hVzfj3uCvigB5TL79H1ljKbwmOcRIENkx0ZTyu/5W6u+Pk9Qy6JCp38Ww==

ms@2.0.0:
  version "2.0.0"
  resolved "https://registry.npmmirror.com/ms/download/ms-2.0.0.tgz"
  integrity sha1-VgiurfwAvmwpAd9fmGF4jeDVl8g=

ms@2.1.2:
  version "2.1.2"
  resolved "https://registry.npmmirror.com/ms/download/ms-2.1.2.tgz"
  integrity sha1-0J0fNXtEP0kzgqjrPM0YOHKuYAk=

ms@2.1.3:
  version "2.1.3"
  resolved "https://registry.npmmirror.com/ms/download/ms-2.1.3.tgz"
  integrity sha1-V0yBOM4dK1hh8LRFedut1gxmFbI=

negotiator@0.6.2:
  version "0.6.2"
  resolved "https://registry.nlark.com/negotiator/download/negotiator-0.6.2.tgz"
  integrity sha1-/qz3zPUlp3rpY0Q2pkiD/+yjRvs=

next-tick@~1.0.0:
  version "1.0.0"
  resolved "https://registry.nlark.com/next-tick/download/next-tick-1.0.0.tgz"
  integrity sha1-yobR/ogoFpsBICCOPchCS524NCw=

nock@^13.2.1:
  version "13.2.1"
  resolved "https://registry.npmmirror.com/nock/download/nock-13.2.1.tgz?cache=0&sync_timestamp=1636693137962&other_urls=https%3A%2F%2Fregistry.npmmirror.com%2Fnock%2Fdownload%2Fnock-13.2.1.tgz"
  integrity sha512-CoHAabbqq/xZEknubuyQMjq6Lfi5b7RtK6SoNK6m40lebGp3yiMagWtIoYaw2s9sISD7wPuCfwFpivVHX/35RA==
  dependencies:
    debug "^4.1.0"
    json-stringify-safe "^5.0.1"
    lodash.set "^4.3.2"
    propagate "^2.0.0"

node-fetch@^2.6.6:
  version "2.6.6"
  resolved "https://registry.npmmirror.com/node-fetch/download/node-fetch-2.6.6.tgz"
  integrity sha1-F1GnwBg06OFpd1hzLp77burfr4k=
  dependencies:
    whatwg-url "^5.0.0"

node-gyp-build@^4.3.0:
  version "4.3.0"
  resolved "https://registry.nlark.com/node-gyp-build/download/node-gyp-build-4.3.0.tgz?cache=0&sync_timestamp=1631436654031&other_urls=https%3A%2F%2Fregistry.nlark.com%2Fnode-gyp-build%2Fdownload%2Fnode-gyp-build-4.3.0.tgz"
  integrity sha1-nyVrA+WCYVC+Ocdkv1Hpk5RtcaM=

on-finished@~2.3.0:
  version "2.3.0"
  resolved "https://registry.nlark.com/on-finished/download/on-finished-2.3.0.tgz"
  integrity sha1-IPEzZIGwg811M3mSoWlxqi2QaUc=
  dependencies:
    ee-first "1.1.1"

parseurl@~1.3.3:
  version "1.3.3"
  resolved "https://registry.nlark.com/parseurl/download/parseurl-1.3.3.tgz"
  integrity sha1-naGee+6NEt/wUT7Vt2lXeTvC6NQ=

path-to-regexp@0.1.7:
  version "0.1.7"
  resolved "https://registry.nlark.com/path-to-regexp/download/path-to-regexp-0.1.7.tgz"
  integrity sha1-32BBeABfUi8V60SQ5yR6G/qmf4w=

propagate@^2.0.0:
  version "2.0.1"
  resolved "https://registry.nlark.com/propagate/download/propagate-2.0.1.tgz"
  integrity sha1-QM3tqxgIXHkjNOZPCsFyVtOPmkU=

proxy-addr@~2.0.7:
  version "2.0.7"
  resolved "https://registry.nlark.com/proxy-addr/download/proxy-addr-2.0.7.tgz"
  integrity sha1-8Z/mnOqzEe65S0LnDowgcPm6ECU=
  dependencies:
    forwarded "0.2.0"
    ipaddr.js "1.9.1"

qs@6.9.6:
  version "6.9.6"
  resolved "https://registry.npmmirror.com/qs/download/qs-6.9.6.tgz"
  integrity sha512-TIRk4aqYLNoJUbd+g2lEdz5kLWIuTMRagAXxl78Q0RiVjAOugHmeKNGdd3cwo/ktpf9aL9epCfFqWDEKysUlLQ==

range-parser@~1.2.1:
  version "1.2.1"
  resolved "https://registry.nlark.com/range-parser/download/range-parser-1.2.1.tgz"
  integrity sha1-PPNwI9GZ4cJNGlW4SADC8+ZGgDE=

raw-body@2.4.2:
  version "2.4.2"
  resolved "https://registry.npmmirror.com/raw-body/download/raw-body-2.4.2.tgz?cache=0&sync_timestamp=1637116791214&other_urls=https%3A%2F%2Fregistry.npmmirror.com%2Fraw-body%2Fdownload%2Fraw-body-2.4.2.tgz"
  integrity sha512-RPMAFUJP19WIet/99ngh6Iv8fzAbqum4Li7AD6DtGaW2RpMB/11xDoalPiJMTbu6I3hkbMVkATvZrqb9EEqeeQ==
  dependencies:
    bytes "3.1.1"
    http-errors "1.8.1"
    iconv-lite "0.4.24"
    unpipe "1.0.0"

regenerator-runtime@^0.13.4:
  version "0.13.9"
  resolved "https://registry.nlark.com/regenerator-runtime/download/regenerator-runtime-0.13.9.tgz"
  integrity sha1-iSV0Kpj/2QgUmI11Zq0wyjsmO1I=

rxjs@^7.4.0:
  version "7.4.0"
  resolved "https://registry.npmmirror.com/rxjs/download/rxjs-7.4.0.tgz"
  integrity sha1-oSpE1+6/AW9f8kQbh/KMmlHOvGg=
  dependencies:
    tslib "~2.1.0"

safe-buffer@5.2.1:
  version "5.2.1"
  resolved "https://registry.nlark.com/safe-buffer/download/safe-buffer-5.2.1.tgz"
  integrity sha1-Hq+fqb2x/dTsdfWPnNtOa3gn7sY=

"safer-buffer@>= 2.1.2 < 3":
  version "2.1.2"
  resolved "https://registry.nlark.com/safer-buffer/download/safer-buffer-2.1.2.tgz"
  integrity sha1-RPoWGwGHuVSd2Eu5GAL5vYOFzWo=

send@0.17.2:
  version "0.17.2"
  resolved "https://registry.npmmirror.com/send/download/send-0.17.2.tgz"
  integrity sha512-UJYB6wFSJE3G00nEivR5rgWp8c2xXvJ3OPWPhmuteU0IKj8nKbG3DrjiOmLwpnHGYWAVwA69zmTm++YG0Hmwww==
  dependencies:
    debug "2.6.9"
    depd "~1.1.2"
    destroy "~1.0.4"
    encodeurl "~1.0.2"
    escape-html "~1.0.3"
    etag "~1.8.1"
    fresh "0.5.2"
    http-errors "1.8.1"
    mime "1.6.0"
    ms "2.1.3"
    on-finished "~2.3.0"
    range-parser "~1.2.1"
    statuses "~1.5.0"

serve-static@1.14.2:
  version "1.14.2"
  resolved "https://registry.npmmirror.com/serve-static/download/serve-static-1.14.2.tgz"
  integrity sha512-+TMNA9AFxUEGuC0z2mevogSnn9MXKb4fa7ngeRMJaaGv8vTwnIEkKi+QGvPt33HSnf8pRS+WGM0EbMtCJLKMBQ==
  dependencies:
    encodeurl "~1.0.2"
    escape-html "~1.0.3"
    parseurl "~1.3.3"
    send "0.17.2"

setprototypeof@1.2.0:
  version "1.2.0"
  resolved "https://registry.npm.taobao.org/setprototypeof/download/setprototypeof-1.2.0.tgz"
  integrity sha1-ZsmiSnP5/CjL5msJ/tPTPcrxtCQ=

"statuses@>= 1.5.0 < 2", statuses@~1.5.0:
  version "1.5.0"
  resolved "https://registry.nlark.com/statuses/download/statuses-1.5.0.tgz"
  integrity sha1-Fhx9rBd2Wf2YEfQ3cfqZOBR4Yow=

toidentifier@1.0.1:
  version "1.0.1"
  resolved "https://registry.npmmirror.com/toidentifier/download/toidentifier-1.0.1.tgz?cache=0&sync_timestamp=1636938521998&other_urls=https%3A%2F%2Fregistry.npmmirror.com%2Ftoidentifier%2Fdownload%2Ftoidentifier-1.0.1.tgz"
  integrity sha512-o5sSPKEkg/DIQNmH43V0/uerLrpzVedkUh8tGNvaeXpfpuwjKenlSox/2O/BTlZUtEe+JG7s5YhEz608PlAHRA==

tr46@~0.0.3:
  version "0.0.3"
  resolved "https://registry.npmmirror.com/tr46/download/tr46-0.0.3.tgz"
  integrity sha1-gYT9NH2snNwYWZLzpmIuFLnZq2o=

tslib@~2.1.0:
  version "2.1.0"
  resolved "https://registry.nlark.com/tslib/download/tslib-2.1.0.tgz"
  integrity sha1-2mCGDxwuyqVwOrfTm8Bba/mIuXo=

tweetnacl@1.x.x, tweetnacl@^1.0.3:
  version "1.0.3"
  resolved "https://registry.nlark.com/tweetnacl/download/tweetnacl-1.0.3.tgz"
  integrity sha1-rAr3FoBFjYpjeNDQ0FCrFAfTVZY=

type-is@~1.6.18:
  version "1.6.18"
  resolved "https://registry.nlark.com/type-is/download/type-is-1.6.18.tgz"
  integrity sha1-TlUs0F3wlGfcvE73Od6J8s83wTE=
  dependencies:
    media-typer "0.3.0"
    mime-types "~2.1.24"

type@^1.0.1:
  version "1.2.0"
  resolved "https://registry.nlark.com/type/download/type-1.2.0.tgz"
  integrity sha1-hI3XaY2vo+VKbEeedZxLw/GIR6A=

type@^2.5.0:
  version "2.5.0"
  resolved "https://registry.nlark.com/type/download/type-2.5.0.tgz"
  integrity sha1-Ci54wud5B7JSq+XymMGwHGPw2z0=

typedarray-to-buffer@^3.1.5:
  version "3.1.5"
  resolved "https://registry.nlark.com/typedarray-to-buffer/download/typedarray-to-buffer-3.1.5.tgz"
  integrity sha1-qX7nqf9CaRufeD/xvFES/j/KkIA=
  dependencies:
    is-typedarray "^1.0.0"

unpipe@1.0.0, unpipe@~1.0.0:
  version "1.0.0"
  resolved "https://registry.nlark.com/unpipe/download/unpipe-1.0.0.tgz"
  integrity sha1-sr9O6FFKrmFltIF4KdIbLvSZBOw=

utf-8-validate@^5.0.2:
  version "5.0.7"
  resolved "https://registry.npmmirror.com/utf-8-validate/download/utf-8-validate-5.0.7.tgz"
  integrity sha1-wVoZpq8fetnsfdxCV0fKKMNkSSI=
  dependencies:
    node-gyp-build "^4.3.0"

utils-merge@1.0.1:
  version "1.0.1"
  resolved "https://registry.nlark.com/utils-merge/download/utils-merge-1.0.1.tgz"
  integrity sha1-n5VxD1CiZ5R7LMwSR0HBAoQn5xM=

vary@~1.1.2:
  version "1.1.2"
  resolved "https://registry.nlark.com/vary/download/vary-1.1.2.tgz"
  integrity sha1-IpnwLG3tMNSllhsLn3RSShj2NPw=

webidl-conversions@^3.0.0:
  version "3.0.1"
  resolved "https://registry.nlark.com/webidl-conversions/download/webidl-conversions-3.0.1.tgz"
  integrity sha1-JFNCdeKnvGvnvIZhHMFq4KVlSHE=

websocket@^1.0.34:
  version "1.0.34"
  resolved "https://registry.npmmirror.com/websocket/download/websocket-1.0.34.tgz"
  integrity sha1-K9wmAsCL8sgiU7cwZVwO99yrMRE=
  dependencies:
    bufferutil "^4.0.1"
    debug "^2.2.0"
    es5-ext "^0.10.50"
    typedarray-to-buffer "^3.1.5"
    utf-8-validate "^5.0.2"
    yaeti "^0.0.6"

whatwg-url@^5.0.0:
  version "5.0.0"
  resolved "https://registry.npmmirror.com/whatwg-url/download/whatwg-url-5.0.0.tgz?cache=0&sync_timestamp=1634673865107&other_urls=https%3A%2F%2Fregistry.npmmirror.com%2Fwhatwg-url%2Fdownload%2Fwhatwg-url-5.0.0.tgz"
  integrity sha1-lmRU6HZUYuN2RNNib2dCzotwll0=
  dependencies:
    tr46 "~0.0.3"
    webidl-conversions "^3.0.0"

yaeti@^0.0.6:
  version "0.0.6"
  resolved "https://registry.nlark.com/yaeti/download/yaeti-0.0.6.tgz"
  integrity sha1-8m9ITXJoTPQr7ft2lwqhYI+/lXc=
